// !$*UTF8*$!
{
	archiveVersion = 1;
	classes = {
	};
	objectVersion = 56;
	objects = {

/* Begin PBXBuildFile section */
		370FB3D6295B05D100EBB76C /* UserTestData.swift in Sources */ = {isa = PBXBuildFile; fileRef = 370FB3D5295B05D100EBB76C /* UserTestData.swift */; };
		3729E0FF295CE8710046526B /* SplitTextView.swift in Sources */ = {isa = PBXBuildFile; fileRef = 3729E0FE295CE8710046526B /* SplitTextView.swift */; };
		3729E101295CEA5D0046526B /* ConfirmationCallOutcomeView.swift in Sources */ = {isa = PBXBuildFile; fileRef = 3729E100295CEA5D0046526B /* ConfirmationCallOutcomeView.swift */; };
		3729E103295CF0CF0046526B /* EventDetailView.swift in Sources */ = {isa = PBXBuildFile; fileRef = 3729E102295CF0CF0046526B /* EventDetailView.swift */; };
		373AEBB7296343F3003B7FB6 /* ConceptDetailView.swift in Sources */ = {isa = PBXBuildFile; fileRef = 373AEBB6296343F3003B7FB6 /* ConceptDetailView.swift */; };
		373AEBB929634754003B7FB6 /* AddProposalView.swift in Sources */ = {isa = PBXBuildFile; fileRef = 373AEBB829634754003B7FB6 /* AddProposalView.swift */; };
		37511EC229831B8D002E73EC /* Colors.xcassets in Resources */ = {isa = PBXBuildFile; fileRef = 37511EC129831B8D002E73EC /* Colors.xcassets */; };
		37511EC629831E36002E73EC /* ProspectListRowView.swift in Sources */ = {isa = PBXBuildFile; fileRef = 37511EC529831E36002E73EC /* ProspectListRowView.swift */; };
		37511ECA29831FFD002E73EC /* PrimaryHeader.swift in Sources */ = {isa = PBXBuildFile; fileRef = 37511EC929831FFD002E73EC /* PrimaryHeader.swift */; };
		37511ECC29832E9A002E73EC /* ProspectConvenienceVariables.swift in Sources */ = {isa = PBXBuildFile; fileRef = 37511ECB29832E9A002E73EC /* ProspectConvenienceVariables.swift */; };
		377D68D52959C49600F26670 /* FyeryApp.swift in Sources */ = {isa = PBXBuildFile; fileRef = 377D68D42959C49600F26670 /* FyeryApp.swift */; };
		377D68D72959C49600F26670 /* ContentView.swift in Sources */ = {isa = PBXBuildFile; fileRef = 377D68D62959C49600F26670 /* ContentView.swift */; };
		377D68D92959C49700F26670 /* Media.xcassets in Resources */ = {isa = PBXBuildFile; fileRef = 377D68D82959C49700F26670 /* Media.xcassets */; };
		377D68DC2959C49700F26670 /* Preview Assets.xcassets in Resources */ = {isa = PBXBuildFile; fileRef = 377D68DB2959C49700F26670 /* Preview Assets.xcassets */; };
		377D68E42959C4D000F26670 /* DashboardView.swift in Sources */ = {isa = PBXBuildFile; fileRef = 377D68E32959C4D000F26670 /* DashboardView.swift */; };
		377D68E62959C53200F26670 /* ProspectsView.swift in Sources */ = {isa = PBXBuildFile; fileRef = 377D68E52959C53200F26670 /* ProspectsView.swift */; };
		377D68E82959C53800F26670 /* ClientView.swift in Sources */ = {isa = PBXBuildFile; fileRef = 377D68E72959C53800F26670 /* ClientView.swift */; };
		377D68EA2959C57300F26670 /* SalesPartnerView.swift in Sources */ = {isa = PBXBuildFile; fileRef = 377D68E92959C57300F26670 /* SalesPartnerView.swift */; };
		377D68EC2959C57A00F26670 /* AccountView.swift in Sources */ = {isa = PBXBuildFile; fileRef = 377D68EB2959C57A00F26670 /* AccountView.swift */; };
		377D68F42959DA0400F26670 /* Prospect.swift in Sources */ = {isa = PBXBuildFile; fileRef = 377D68F32959DA0400F26670 /* Prospect.swift */; };
		377D68F82959E21200F26670 /* ProspectDetailView.swift in Sources */ = {isa = PBXBuildFile; fileRef = 377D68F72959E21200F26670 /* ProspectDetailView.swift */; };
		377D68FA2959E2B100F26670 /* CallOutcomeView.swift in Sources */ = {isa = PBXBuildFile; fileRef = 377D68F92959E2B100F26670 /* CallOutcomeView.swift */; };
		377D68FC2959E70F00F26670 /* Appointment.swift in Sources */ = {isa = PBXBuildFile; fileRef = 377D68FB2959E70F00F26670 /* Appointment.swift */; };
		377D68FE2959E88900F26670 /* Event.swift in Sources */ = {isa = PBXBuildFile; fileRef = 377D68FD2959E88900F26670 /* Event.swift */; };
		377D69042959EADF00F26670 /* PersonProtocol.swift in Sources */ = {isa = PBXBuildFile; fileRef = 377D69032959EADF00F26670 /* PersonProtocol.swift */; };
		377D69062959EF4200F26670 /* AppointmentsView.swift in Sources */ = {isa = PBXBuildFile; fileRef = 377D69052959EF4200F26670 /* AppointmentsView.swift */; };
		37888EFF2982AD4E004FFA09 /* MaritalStatus.swift in Sources */ = {isa = PBXBuildFile; fileRef = 37888EFE2982AD4E004FFA09 /* MaritalStatus.swift */; };
		37888F012982ADDC004FFA09 /* ContactType.swift in Sources */ = {isa = PBXBuildFile; fileRef = 37888F002982ADDC004FFA09 /* ContactType.swift */; };
		37888F032982AEA5004FFA09 /* PersonType.swift in Sources */ = {isa = PBXBuildFile; fileRef = 37888F022982AEA5004FFA09 /* PersonType.swift */; };
		37888F062982B496004FFA09 /* ProspectExtensionEquatable.swift in Sources */ = {isa = PBXBuildFile; fileRef = 37888F052982B496004FFA09 /* ProspectExtensionEquatable.swift */; };
		37888F082982B4CA004FFA09 /* ProspectExtensionHashable.swift in Sources */ = {isa = PBXBuildFile; fileRef = 37888F072982B4CA004FFA09 /* ProspectExtensionHashable.swift */; };
		37888F0A2982B6F9004FFA09 /* SalesPartner.swift in Sources */ = {isa = PBXBuildFile; fileRef = 37888F092982B6F9004FFA09 /* SalesPartner.swift */; };
		37888F0D2982BB78004FFA09 /* SalesPartnerListRowView.swift in Sources */ = {isa = PBXBuildFile; fileRef = 37888F0C2982BB78004FFA09 /* SalesPartnerListRowView.swift */; };
		37888F0F2982BC1C004FFA09 /* AddSalesPartnerView.swift in Sources */ = {isa = PBXBuildFile; fileRef = 37888F0E2982BC1C004FFA09 /* AddSalesPartnerView.swift */; };
		37888F112982BC51004FFA09 /* EventType.swift in Sources */ = {isa = PBXBuildFile; fileRef = 37888F102982BC51004FFA09 /* EventType.swift */; };
		37888F132982BC68004FFA09 /* EventComparable.swift in Sources */ = {isa = PBXBuildFile; fileRef = 37888F122982BC68004FFA09 /* EventComparable.swift */; };
		37888F152982BCF6004FFA09 /* AppointmentType.swift in Sources */ = {isa = PBXBuildFile; fileRef = 37888F142982BCF6004FFA09 /* AppointmentType.swift */; };
		37888F172982BDD3004FFA09 /* Company.swift in Sources */ = {isa = PBXBuildFile; fileRef = 37888F162982BDD3004FFA09 /* Company.swift */; };
		37888F192982BDEE004FFA09 /* ProposalType.swift in Sources */ = {isa = PBXBuildFile; fileRef = 37888F182982BDEE004FFA09 /* ProposalType.swift */; };
		37888F1B2982BDFF004FFA09 /* ContractDivision.swift in Sources */ = {isa = PBXBuildFile; fileRef = 37888F1A2982BDFF004FFA09 /* ContractDivision.swift */; };
		37888F232982EBC9004FFA09 /* PrimaryTextField.swift in Sources */ = {isa = PBXBuildFile; fileRef = 37888F222982EBC9004FFA09 /* PrimaryTextField.swift */; };
		37888F252982EF91004FFA09 /* CustomRoundedCorner.swift in Sources */ = {isa = PBXBuildFile; fileRef = 37888F242982EF91004FFA09 /* CustomRoundedCorner.swift */; };
		37888F282982F0AE004FFA09 /* Constants.swift in Sources */ = {isa = PBXBuildFile; fileRef = 37888F272982F0AE004FFA09 /* Constants.swift */; };
		37888F2A2982F51F004FFA09 /* AddProspectHeaderView.swift in Sources */ = {isa = PBXBuildFile; fileRef = 37888F292982F51F004FFA09 /* AddProspectHeaderView.swift */; };
		37888F2E2982F88F004FFA09 /* PrimarySection.swift in Sources */ = {isa = PBXBuildFile; fileRef = 37888F2D2982F88F004FFA09 /* PrimarySection.swift */; };
		37888F3029830097004FFA09 /* Title3.swift in Sources */ = {isa = PBXBuildFile; fileRef = 37888F2F29830097004FFA09 /* Title3.swift */; };
		378991592961B5320002735C /* AppointmentOutcomeView.swift in Sources */ = {isa = PBXBuildFile; fileRef = 378991582961B5320002735C /* AppointmentOutcomeView.swift */; };
		3789F1BF29609F7500E15ACD /* ConceptsView.swift in Sources */ = {isa = PBXBuildFile; fileRef = 3789F1BE29609F7500E15ACD /* ConceptsView.swift */; };
		3789F1CA2961A6C100E15ACD /* StandardEvents.swift in Sources */ = {isa = PBXBuildFile; fileRef = 3789F1C92961A6C100E15ACD /* StandardEvents.swift */; };
		37930F632984820400A5179A /* StandardCircle.swift in Sources */ = {isa = PBXBuildFile; fileRef = 37930F622984820400A5179A /* StandardCircle.swift */; };
		37930F652984828C00A5179A /* CircularImage.swift in Sources */ = {isa = PBXBuildFile; fileRef = 37930F642984828C00A5179A /* CircularImage.swift */; };
		37930F672984862400A5179A /* Title.swift in Sources */ = {isa = PBXBuildFile; fileRef = 37930F662984862400A5179A /* Title.swift */; };
		37930F6A2984873300A5179A /* TextExtensions.swift in Sources */ = {isa = PBXBuildFile; fileRef = 37930F692984873300A5179A /* TextExtensions.swift */; };
		37930F6D298488A000A5179A /* WidgetContainer.swift in Sources */ = {isa = PBXBuildFile; fileRef = 37930F6C298488A000A5179A /* WidgetContainer.swift */; };
		37930F6F298489AA00A5179A /* Title2.swift in Sources */ = {isa = PBXBuildFile; fileRef = 37930F6E298489AA00A5179A /* Title2.swift */; };
		37930F7129848AF900A5179A /* UnitWidget.swift in Sources */ = {isa = PBXBuildFile; fileRef = 37930F7029848AF900A5179A /* UnitWidget.swift */; };
		37930F7329848B9700A5179A /* CircularProgressBar.swift in Sources */ = {isa = PBXBuildFile; fileRef = 37930F7229848B9700A5179A /* CircularProgressBar.swift */; };
		37930F752984911600A5179A /* AppointmentWidget.swift in Sources */ = {isa = PBXBuildFile; fileRef = 37930F742984911600A5179A /* AppointmentWidget.swift */; };
		37A245392976AFF7001523EF /* ViewExtension.swift in Sources */ = {isa = PBXBuildFile; fileRef = 37A245382976AFF7001523EF /* ViewExtension.swift */; };
		37A2453D2976D3D1001523EF /* AddProspectView.swift in Sources */ = {isa = PBXBuildFile; fileRef = 37A2453C2976D3D1001523EF /* AddProspectView.swift */; };
		37AB7364295F297900544554 /* ViewExtensions.swift in Sources */ = {isa = PBXBuildFile; fileRef = 37AB7363295F297900544554 /* ViewExtensions.swift */; };
		37AB7366295F395000544554 /* PastAppointmentsView.swift in Sources */ = {isa = PBXBuildFile; fileRef = 37AB7365295F395000544554 /* PastAppointmentsView.swift */; };
		37AB7368295F3C8F00544554 /* DateExtension.swift in Sources */ = {isa = PBXBuildFile; fileRef = 37AB7367295F3C8F00544554 /* DateExtension.swift */; };
		37AB736C295F6E1800544554 /* BlankInitializerExtensions.swift in Sources */ = {isa = PBXBuildFile; fileRef = 37AB736B295F6E1800544554 /* BlankInitializerExtensions.swift */; };
		37AB73722960211F00544554 /* Proposal.swift in Sources */ = {isa = PBXBuildFile; fileRef = 37AB73712960211F00544554 /* Proposal.swift */; };
		37AB73742960216E00544554 /* Concept.swift in Sources */ = {isa = PBXBuildFile; fileRef = 37AB73732960216E00544554 /* Concept.swift */; };
		37D7E43C295A5BB500EBD9B9 /* AppointmentDetailView.swift in Sources */ = {isa = PBXBuildFile; fileRef = 37D7E43B295A5BB500EBD9B9 /* AppointmentDetailView.swift */; };
		37E5FE84298530B6009E535F /* Heading1.swift in Sources */ = {isa = PBXBuildFile; fileRef = 37E5FE83298530B6009E535F /* Heading1.swift */; };
		37F566452972EC87000A455B /* DashboardGreetingView.swift in Sources */ = {isa = PBXBuildFile; fileRef = 37F566442972EC87000A455B /* DashboardGreetingView.swift */; };
		37F566472972EFAB000A455B /* ColorExtension.swift in Sources */ = {isa = PBXBuildFile; fileRef = 37F566462972EFAB000A455B /* ColorExtension.swift */; };
		37F8739B29638136006C7C7E /* ConceptClassificationView.swift in Sources */ = {isa = PBXBuildFile; fileRef = 37F8739A29638136006C7C7E /* ConceptClassificationView.swift */; };
/* End PBXBuildFile section */

/* Begin PBXFileReference section */
		370FB3D5295B05D100EBB76C /* UserTestData.swift */ = {isa = PBXFileReference; lastKnownFileType = sourcecode.swift; path = UserTestData.swift; sourceTree = "<group>"; };
		3729E0FE295CE8710046526B /* SplitTextView.swift */ = {isa = PBXFileReference; lastKnownFileType = sourcecode.swift; path = SplitTextView.swift; sourceTree = "<group>"; };
		3729E100295CEA5D0046526B /* ConfirmationCallOutcomeView.swift */ = {isa = PBXFileReference; lastKnownFileType = sourcecode.swift; path = ConfirmationCallOutcomeView.swift; sourceTree = "<group>"; };
		3729E102295CF0CF0046526B /* EventDetailView.swift */ = {isa = PBXFileReference; lastKnownFileType = sourcecode.swift; path = EventDetailView.swift; sourceTree = "<group>"; };
		373AEBB6296343F3003B7FB6 /* ConceptDetailView.swift */ = {isa = PBXFileReference; lastKnownFileType = sourcecode.swift; path = ConceptDetailView.swift; sourceTree = "<group>"; };
		373AEBB829634754003B7FB6 /* AddProposalView.swift */ = {isa = PBXFileReference; lastKnownFileType = sourcecode.swift; path = AddProposalView.swift; sourceTree = "<group>"; };
		37511EC129831B8D002E73EC /* Colors.xcassets */ = {isa = PBXFileReference; lastKnownFileType = folder.assetcatalog; path = Colors.xcassets; sourceTree = "<group>"; };
		37511EC529831E36002E73EC /* ProspectListRowView.swift */ = {isa = PBXFileReference; lastKnownFileType = sourcecode.swift; path = ProspectListRowView.swift; sourceTree = "<group>"; };
		37511EC929831FFD002E73EC /* PrimaryHeader.swift */ = {isa = PBXFileReference; lastKnownFileType = sourcecode.swift; path = PrimaryHeader.swift; sourceTree = "<group>"; };
		37511ECB29832E9A002E73EC /* ProspectConvenienceVariables.swift */ = {isa = PBXFileReference; lastKnownFileType = sourcecode.swift; path = ProspectConvenienceVariables.swift; sourceTree = "<group>"; };
		377D68D12959C49600F26670 /* Fyery.app */ = {isa = PBXFileReference; explicitFileType = wrapper.application; includeInIndex = 0; path = Fyery.app; sourceTree = BUILT_PRODUCTS_DIR; };
		377D68D42959C49600F26670 /* FyeryApp.swift */ = {isa = PBXFileReference; lastKnownFileType = sourcecode.swift; path = FyeryApp.swift; sourceTree = "<group>"; };
		377D68D62959C49600F26670 /* ContentView.swift */ = {isa = PBXFileReference; lastKnownFileType = sourcecode.swift; path = ContentView.swift; sourceTree = "<group>"; };
		377D68D82959C49700F26670 /* Media.xcassets */ = {isa = PBXFileReference; lastKnownFileType = folder.assetcatalog; path = Media.xcassets; sourceTree = "<group>"; };
		377D68DB2959C49700F26670 /* Preview Assets.xcassets */ = {isa = PBXFileReference; lastKnownFileType = folder.assetcatalog; path = "Preview Assets.xcassets"; sourceTree = "<group>"; };
		377D68E32959C4D000F26670 /* DashboardView.swift */ = {isa = PBXFileReference; lastKnownFileType = sourcecode.swift; path = DashboardView.swift; sourceTree = "<group>"; };
		377D68E52959C53200F26670 /* ProspectsView.swift */ = {isa = PBXFileReference; lastKnownFileType = sourcecode.swift; path = ProspectsView.swift; sourceTree = "<group>"; };
		377D68E72959C53800F26670 /* ClientView.swift */ = {isa = PBXFileReference; lastKnownFileType = sourcecode.swift; path = ClientView.swift; sourceTree = "<group>"; };
		377D68E92959C57300F26670 /* SalesPartnerView.swift */ = {isa = PBXFileReference; lastKnownFileType = sourcecode.swift; path = SalesPartnerView.swift; sourceTree = "<group>"; };
		377D68EB2959C57A00F26670 /* AccountView.swift */ = {isa = PBXFileReference; lastKnownFileType = sourcecode.swift; path = AccountView.swift; sourceTree = "<group>"; };
		377D68F32959DA0400F26670 /* Prospect.swift */ = {isa = PBXFileReference; lastKnownFileType = sourcecode.swift; path = Prospect.swift; sourceTree = "<group>"; };
		377D68F72959E21200F26670 /* ProspectDetailView.swift */ = {isa = PBXFileReference; lastKnownFileType = sourcecode.swift; path = ProspectDetailView.swift; sourceTree = "<group>"; };
		377D68F92959E2B100F26670 /* CallOutcomeView.swift */ = {isa = PBXFileReference; lastKnownFileType = sourcecode.swift; path = CallOutcomeView.swift; sourceTree = "<group>"; };
		377D68FB2959E70F00F26670 /* Appointment.swift */ = {isa = PBXFileReference; lastKnownFileType = sourcecode.swift; path = Appointment.swift; sourceTree = "<group>"; };
		377D68FD2959E88900F26670 /* Event.swift */ = {isa = PBXFileReference; lastKnownFileType = sourcecode.swift; path = Event.swift; sourceTree = "<group>"; };
		377D69032959EADF00F26670 /* PersonProtocol.swift */ = {isa = PBXFileReference; lastKnownFileType = sourcecode.swift; path = PersonProtocol.swift; sourceTree = "<group>"; };
		377D69052959EF4200F26670 /* AppointmentsView.swift */ = {isa = PBXFileReference; lastKnownFileType = sourcecode.swift; path = AppointmentsView.swift; sourceTree = "<group>"; };
		37888EFE2982AD4E004FFA09 /* MaritalStatus.swift */ = {isa = PBXFileReference; lastKnownFileType = sourcecode.swift; path = MaritalStatus.swift; sourceTree = "<group>"; };
		37888F002982ADDC004FFA09 /* ContactType.swift */ = {isa = PBXFileReference; lastKnownFileType = sourcecode.swift; path = ContactType.swift; sourceTree = "<group>"; };
		37888F022982AEA5004FFA09 /* PersonType.swift */ = {isa = PBXFileReference; lastKnownFileType = sourcecode.swift; path = PersonType.swift; sourceTree = "<group>"; };
		37888F052982B496004FFA09 /* ProspectExtensionEquatable.swift */ = {isa = PBXFileReference; lastKnownFileType = sourcecode.swift; path = ProspectExtensionEquatable.swift; sourceTree = "<group>"; };
		37888F072982B4CA004FFA09 /* ProspectExtensionHashable.swift */ = {isa = PBXFileReference; lastKnownFileType = sourcecode.swift; path = ProspectExtensionHashable.swift; sourceTree = "<group>"; };
		37888F092982B6F9004FFA09 /* SalesPartner.swift */ = {isa = PBXFileReference; lastKnownFileType = sourcecode.swift; path = SalesPartner.swift; sourceTree = "<group>"; };
		37888F0C2982BB78004FFA09 /* SalesPartnerListRowView.swift */ = {isa = PBXFileReference; lastKnownFileType = sourcecode.swift; path = SalesPartnerListRowView.swift; sourceTree = "<group>"; };
		37888F0E2982BC1C004FFA09 /* AddSalesPartnerView.swift */ = {isa = PBXFileReference; lastKnownFileType = sourcecode.swift; path = AddSalesPartnerView.swift; sourceTree = "<group>"; };
		37888F102982BC51004FFA09 /* EventType.swift */ = {isa = PBXFileReference; lastKnownFileType = sourcecode.swift; path = EventType.swift; sourceTree = "<group>"; };
		37888F122982BC68004FFA09 /* EventComparable.swift */ = {isa = PBXFileReference; lastKnownFileType = sourcecode.swift; path = EventComparable.swift; sourceTree = "<group>"; };
		37888F142982BCF6004FFA09 /* AppointmentType.swift */ = {isa = PBXFileReference; lastKnownFileType = sourcecode.swift; path = AppointmentType.swift; sourceTree = "<group>"; };
		37888F162982BDD3004FFA09 /* Company.swift */ = {isa = PBXFileReference; lastKnownFileType = sourcecode.swift; path = Company.swift; sourceTree = "<group>"; };
		37888F182982BDEE004FFA09 /* ProposalType.swift */ = {isa = PBXFileReference; lastKnownFileType = sourcecode.swift; path = ProposalType.swift; sourceTree = "<group>"; };
		37888F1A2982BDFF004FFA09 /* ContractDivision.swift */ = {isa = PBXFileReference; lastKnownFileType = sourcecode.swift; path = ContractDivision.swift; sourceTree = "<group>"; };
		37888F222982EBC9004FFA09 /* PrimaryTextField.swift */ = {isa = PBXFileReference; lastKnownFileType = sourcecode.swift; path = PrimaryTextField.swift; sourceTree = "<group>"; };
		37888F242982EF91004FFA09 /* CustomRoundedCorner.swift */ = {isa = PBXFileReference; lastKnownFileType = sourcecode.swift; path = CustomRoundedCorner.swift; sourceTree = "<group>"; };
		37888F272982F0AE004FFA09 /* Constants.swift */ = {isa = PBXFileReference; lastKnownFileType = sourcecode.swift; path = Constants.swift; sourceTree = "<group>"; };
		37888F292982F51F004FFA09 /* AddProspectHeaderView.swift */ = {isa = PBXFileReference; lastKnownFileType = sourcecode.swift; path = AddProspectHeaderView.swift; sourceTree = "<group>"; };
		37888F2D2982F88F004FFA09 /* PrimarySection.swift */ = {isa = PBXFileReference; lastKnownFileType = sourcecode.swift; path = PrimarySection.swift; sourceTree = "<group>"; };
		37888F2F29830097004FFA09 /* Title3.swift */ = {isa = PBXFileReference; lastKnownFileType = sourcecode.swift; path = Title3.swift; sourceTree = "<group>"; };
		378991582961B5320002735C /* AppointmentOutcomeView.swift */ = {isa = PBXFileReference; lastKnownFileType = sourcecode.swift; path = AppointmentOutcomeView.swift; sourceTree = "<group>"; };
		3789F1BE29609F7500E15ACD /* ConceptsView.swift */ = {isa = PBXFileReference; lastKnownFileType = sourcecode.swift; path = ConceptsView.swift; sourceTree = "<group>"; };
		3789F1C92961A6C100E15ACD /* StandardEvents.swift */ = {isa = PBXFileReference; lastKnownFileType = sourcecode.swift; path = StandardEvents.swift; sourceTree = "<group>"; };
		37930F622984820400A5179A /* StandardCircle.swift */ = {isa = PBXFileReference; lastKnownFileType = sourcecode.swift; path = StandardCircle.swift; sourceTree = "<group>"; };
		37930F642984828C00A5179A /* CircularImage.swift */ = {isa = PBXFileReference; lastKnownFileType = sourcecode.swift; path = CircularImage.swift; sourceTree = "<group>"; };
		37930F662984862400A5179A /* Title.swift */ = {isa = PBXFileReference; lastKnownFileType = sourcecode.swift; path = Title.swift; sourceTree = "<group>"; };
		37930F692984873300A5179A /* TextExtensions.swift */ = {isa = PBXFileReference; lastKnownFileType = sourcecode.swift; path = TextExtensions.swift; sourceTree = "<group>"; };
		37930F6C298488A000A5179A /* WidgetContainer.swift */ = {isa = PBXFileReference; lastKnownFileType = sourcecode.swift; path = WidgetContainer.swift; sourceTree = "<group>"; };
		37930F6E298489AA00A5179A /* Title2.swift */ = {isa = PBXFileReference; lastKnownFileType = sourcecode.swift; path = Title2.swift; sourceTree = "<group>"; };
		37930F7029848AF900A5179A /* UnitWidget.swift */ = {isa = PBXFileReference; lastKnownFileType = sourcecode.swift; path = UnitWidget.swift; sourceTree = "<group>"; };
		37930F7229848B9700A5179A /* CircularProgressBar.swift */ = {isa = PBXFileReference; lastKnownFileType = sourcecode.swift; path = CircularProgressBar.swift; sourceTree = "<group>"; };
		37930F742984911600A5179A /* AppointmentWidget.swift */ = {isa = PBXFileReference; lastKnownFileType = sourcecode.swift; path = AppointmentWidget.swift; sourceTree = "<group>"; };
		37A245382976AFF7001523EF /* ViewExtension.swift */ = {isa = PBXFileReference; lastKnownFileType = sourcecode.swift; path = ViewExtension.swift; sourceTree = "<group>"; };
		37A2453C2976D3D1001523EF /* AddProspectView.swift */ = {isa = PBXFileReference; lastKnownFileType = sourcecode.swift; path = AddProspectView.swift; sourceTree = "<group>"; };
		37A51AE329841AC0005CA51A /* Info.plist */ = {isa = PBXFileReference; lastKnownFileType = text.plist; path = Info.plist; sourceTree = "<group>"; };
		37AB7363295F297900544554 /* ViewExtensions.swift */ = {isa = PBXFileReference; lastKnownFileType = sourcecode.swift; path = ViewExtensions.swift; sourceTree = "<group>"; };
		37AB7365295F395000544554 /* PastAppointmentsView.swift */ = {isa = PBXFileReference; lastKnownFileType = sourcecode.swift; path = PastAppointmentsView.swift; sourceTree = "<group>"; };
		37AB7367295F3C8F00544554 /* DateExtension.swift */ = {isa = PBXFileReference; lastKnownFileType = sourcecode.swift; path = DateExtension.swift; sourceTree = "<group>"; };
		37AB736B295F6E1800544554 /* BlankInitializerExtensions.swift */ = {isa = PBXFileReference; lastKnownFileType = sourcecode.swift; path = BlankInitializerExtensions.swift; sourceTree = "<group>"; };
		37AB73712960211F00544554 /* Proposal.swift */ = {isa = PBXFileReference; lastKnownFileType = sourcecode.swift; path = Proposal.swift; sourceTree = "<group>"; };
		37AB73732960216E00544554 /* Concept.swift */ = {isa = PBXFileReference; lastKnownFileType = sourcecode.swift; path = Concept.swift; sourceTree = "<group>"; };
		37D7E43B295A5BB500EBD9B9 /* AppointmentDetailView.swift */ = {isa = PBXFileReference; lastKnownFileType = sourcecode.swift; path = AppointmentDetailView.swift; sourceTree = "<group>"; };
		37E5FE83298530B6009E535F /* Heading1.swift */ = {isa = PBXFileReference; lastKnownFileType = sourcecode.swift; path = Heading1.swift; sourceTree = "<group>"; };
		37F566442972EC87000A455B /* DashboardGreetingView.swift */ = {isa = PBXFileReference; lastKnownFileType = sourcecode.swift; path = DashboardGreetingView.swift; sourceTree = "<group>"; };
		37F566462972EFAB000A455B /* ColorExtension.swift */ = {isa = PBXFileReference; lastKnownFileType = sourcecode.swift; path = ColorExtension.swift; sourceTree = "<group>"; };
		37F8739A29638136006C7C7E /* ConceptClassificationView.swift */ = {isa = PBXFileReference; lastKnownFileType = sourcecode.swift; path = ConceptClassificationView.swift; sourceTree = "<group>"; };
/* End PBXFileReference section */

/* Begin PBXFrameworksBuildPhase section */
		377D68CE2959C49600F26670 /* Frameworks */ = {
			isa = PBXFrameworksBuildPhase;
			buildActionMask = 2147483647;
			files = (
			);
			runOnlyForDeploymentPostprocessing = 0;
		};
/* End PBXFrameworksBuildPhase section */

/* Begin PBXGroup section */
		37511EBD298318DE002E73EC /* Main */ = {
			isa = PBXGroup;
			children = (
				377D68E32959C4D000F26670 /* DashboardView.swift */,
				37F566442972EC87000A455B /* DashboardGreetingView.swift */,
			);
			path = Main;
			sourceTree = "<group>";
		};
		37511EBE298318F0002E73EC /* MenuItems */ = {
			isa = PBXGroup;
			children = (
			);
			path = MenuItems;
			sourceTree = "<group>";
		};
		37511EBF29831912002E73EC /* Widgets */ = {
			isa = PBXGroup;
			children = (
				37930F6C298488A000A5179A /* WidgetContainer.swift */,
				37930F7029848AF900A5179A /* UnitWidget.swift */,
				37930F742984911600A5179A /* AppointmentWidget.swift */,
			);
			path = Widgets;
			sourceTree = "<group>";
		};
		37511EC029831A50002E73EC /* Call */ = {
			isa = PBXGroup;
			children = (
			);
			path = Call;
			sourceTree = "<group>";
		};
		37511EC329831CA1002E73EC /* Assets */ = {
			isa = PBXGroup;
			children = (
				377D68D82959C49700F26670 /* Media.xcassets */,
				37511EC129831B8D002E73EC /* Colors.xcassets */,
			);
			path = Assets;
			sourceTree = "<group>";
		};
		37511EC729831E94002E73EC /* ProspectDetail */ = {
			isa = PBXGroup;
			children = (
				377D68F72959E21200F26670 /* ProspectDetailView.swift */,
			);
			path = ProspectDetail;
			sourceTree = "<group>";
		};
		37511EC829831EA5002E73EC /* Event */ = {
			isa = PBXGroup;
			children = (
				3729E102295CF0CF0046526B /* EventDetailView.swift */,
			);
			path = Event;
			sourceTree = "<group>";
		};
		377D68C82959C49600F26670 = {
			isa = PBXGroup;
			children = (
				377D68D32959C49600F26670 /* Fyery */,
				377D68D22959C49600F26670 /* Products */,
			);
			sourceTree = "<group>";
		};
		377D68D22959C49600F26670 /* Products */ = {
			isa = PBXGroup;
			children = (
				377D68D12959C49600F26670 /* Fyery.app */,
			);
			name = Products;
			sourceTree = "<group>";
		};
		377D68D32959C49600F26670 /* Fyery */ = {
			isa = PBXGroup;
			children = (
				37A51AE329841AC0005CA51A /* Info.plist */,
				37A245372976AFD4001523EF /* Core */,
				377D68E22959C4BF00F26670 /* Views */,
				37511EC329831CA1002E73EC /* Assets */,
				377D68DA2959C49700F26670 /* Preview Content */,
			);
			path = Fyery;
			sourceTree = "<group>";
		};
		377D68DA2959C49700F26670 /* Preview Content */ = {
			isa = PBXGroup;
			children = (
				377D68DB2959C49700F26670 /* Preview Assets.xcassets */,
				370FB3D5295B05D100EBB76C /* UserTestData.swift */,
				37AB736B295F6E1800544554 /* BlankInitializerExtensions.swift */,
			);
			path = "Preview Content";
			sourceTree = "<group>";
		};
		377D68E22959C4BF00F26670 /* Views */ = {
			isa = PBXGroup;
			children = (
				37511EC029831A50002E73EC /* Call */,
				37A245382976AFF7001523EF /* ViewExtension.swift */,
				377D68D62959C49600F26670 /* ContentView.swift */,
				377D68ED2959D99F00F26670 /* Dashboard */,
				3789F1C62960A33E00E15ACD /* Appointment */,
				37930F6B2984886D00A5179A /* Concept */,
				377D68EE2959D9A700F26670 /* Prospect */,
				37511EC829831EA5002E73EC /* Event */,
				377D68EF2959D9AC00F26670 /* Client */,
				377D68F02959D9B200F26670 /* SalesPartner */,
				377D68F12959D9B800F26670 /* Account */,
			);
			path = Views;
			sourceTree = "<group>";
		};
		377D68ED2959D99F00F26670 /* Dashboard */ = {
			isa = PBXGroup;
			children = (
				37511EBD298318DE002E73EC /* Main */,
				37511EBF29831912002E73EC /* Widgets */,
				37511EBE298318F0002E73EC /* MenuItems */,
			);
			path = Dashboard;
			sourceTree = "<group>";
		};
		377D68EE2959D9A700F26670 /* Prospect */ = {
			isa = PBXGroup;
			children = (
				377D68E52959C53200F26670 /* ProspectsView.swift */,
				37511EC529831E36002E73EC /* ProspectListRowView.swift */,
				37888F2B2982F542004FFA09 /* AddProspect */,
				37511EC729831E94002E73EC /* ProspectDetail */,
			);
			path = Prospect;
			sourceTree = "<group>";
		};
		377D68EF2959D9AC00F26670 /* Client */ = {
			isa = PBXGroup;
			children = (
				377D68E72959C53800F26670 /* ClientView.swift */,
			);
			path = Client;
			sourceTree = "<group>";
		};
		377D68F02959D9B200F26670 /* SalesPartner */ = {
			isa = PBXGroup;
			children = (
				377D68E92959C57300F26670 /* SalesPartnerView.swift */,
				37888F0C2982BB78004FFA09 /* SalesPartnerListRowView.swift */,
				37888F0E2982BC1C004FFA09 /* AddSalesPartnerView.swift */,
			);
			path = SalesPartner;
			sourceTree = "<group>";
		};
		377D68F12959D9B800F26670 /* Account */ = {
			isa = PBXGroup;
			children = (
				377D68EB2959C57A00F26670 /* AccountView.swift */,
			);
			path = Account;
			sourceTree = "<group>";
		};
		377D68F22959D9F800F26670 /* Model */ = {
			isa = PBXGroup;
			children = (
				37888EFD2982AD43004FFA09 /* Person */,
				37888EFC2982AD04004FFA09 /* Prospect */,
				37888EFB2982ACF2004FFA09 /* SalesPartner */,
				37888F042982AF02004FFA09 /* Event */,
				3789F1C22960A29700E15ACD /* Appointment */,
				3789F1C52960A31C00E15ACD /* BusinessLogic */,
			);
			path = Model;
			sourceTree = "<group>";
		};
		37888EFB2982ACF2004FFA09 /* SalesPartner */ = {
			isa = PBXGroup;
			children = (
				37888F092982B6F9004FFA09 /* SalesPartner.swift */,
			);
			path = SalesPartner;
			sourceTree = "<group>";
		};
		37888EFC2982AD04004FFA09 /* Prospect */ = {
			isa = PBXGroup;
			children = (
				377D68F32959DA0400F26670 /* Prospect.swift */,
				37888F052982B496004FFA09 /* ProspectExtensionEquatable.swift */,
				37888F072982B4CA004FFA09 /* ProspectExtensionHashable.swift */,
				37511ECB29832E9A002E73EC /* ProspectConvenienceVariables.swift */,
			);
			path = Prospect;
			sourceTree = "<group>";
		};
		37888EFD2982AD43004FFA09 /* Person */ = {
			isa = PBXGroup;
			children = (
				377D69032959EADF00F26670 /* PersonProtocol.swift */,
				37888EFE2982AD4E004FFA09 /* MaritalStatus.swift */,
				37888F002982ADDC004FFA09 /* ContactType.swift */,
				37888F022982AEA5004FFA09 /* PersonType.swift */,
			);
			path = Person;
			sourceTree = "<group>";
		};
		37888F042982AF02004FFA09 /* Event */ = {
			isa = PBXGroup;
			children = (
				377D68FD2959E88900F26670 /* Event.swift */,
				37888F102982BC51004FFA09 /* EventType.swift */,
				37888F122982BC68004FFA09 /* EventComparable.swift */,
				3789F1C92961A6C100E15ACD /* StandardEvents.swift */,
			);
			path = Event;
			sourceTree = "<group>";
		};
		37888F212982EBAA004FFA09 /* Views */ = {
			isa = PBXGroup;
			children = (
				37930F682984866800A5179A /* Text */,
				37888F222982EBC9004FFA09 /* PrimaryTextField.swift */,
				37888F2D2982F88F004FFA09 /* PrimarySection.swift */,
				37511EC929831FFD002E73EC /* PrimaryHeader.swift */,
				3729E0FE295CE8710046526B /* SplitTextView.swift */,
				37930F622984820400A5179A /* StandardCircle.swift */,
				37930F642984828C00A5179A /* CircularImage.swift */,
				37930F7229848B9700A5179A /* CircularProgressBar.swift */,
			);
			path = Views;
			sourceTree = "<group>";
		};
		37888F262982F094004FFA09 /* Constants */ = {
			isa = PBXGroup;
			children = (
				37888F272982F0AE004FFA09 /* Constants.swift */,
			);
			path = Constants;
			sourceTree = "<group>";
		};
		37888F2B2982F542004FFA09 /* AddProspect */ = {
			isa = PBXGroup;
			children = (
				37A2453C2976D3D1001523EF /* AddProspectView.swift */,
				37888F292982F51F004FFA09 /* AddProspectHeaderView.swift */,
			);
			path = AddProspect;
			sourceTree = "<group>";
		};
		37888F2C2982F812004FFA09 /* Extensions */ = {
			isa = PBXGroup;
			children = (
				37888F242982EF91004FFA09 /* CustomRoundedCorner.swift */,
				37AB7363295F297900544554 /* ViewExtensions.swift */,
				37930F692984873300A5179A /* TextExtensions.swift */,
				37AB7367295F3C8F00544554 /* DateExtension.swift */,
				37F566462972EFAB000A455B /* ColorExtension.swift */,
			);
			path = Extensions;
			sourceTree = "<group>";
		};
		3789F1C22960A29700E15ACD /* Appointment */ = {
			isa = PBXGroup;
			children = (
				377D68FB2959E70F00F26670 /* Appointment.swift */,
				37888F142982BCF6004FFA09 /* AppointmentType.swift */,
			);
			path = Appointment;
			sourceTree = "<group>";
		};
		3789F1C52960A31C00E15ACD /* BusinessLogic */ = {
			isa = PBXGroup;
			children = (
				37AB73732960216E00544554 /* Concept.swift */,
				37AB73712960211F00544554 /* Proposal.swift */,
				37888F162982BDD3004FFA09 /* Company.swift */,
				37888F182982BDEE004FFA09 /* ProposalType.swift */,
				37888F1A2982BDFF004FFA09 /* ContractDivision.swift */,
			);
			path = BusinessLogic;
			sourceTree = "<group>";
		};
		3789F1C62960A33E00E15ACD /* Appointment */ = {
			isa = PBXGroup;
			children = (
				377D69052959EF4200F26670 /* AppointmentsView.swift */,
				37AB7365295F395000544554 /* PastAppointmentsView.swift */,
				37D7E43B295A5BB500EBD9B9 /* AppointmentDetailView.swift */,
				378991582961B5320002735C /* AppointmentOutcomeView.swift */,
				37F8739A29638136006C7C7E /* ConceptClassificationView.swift */,
				3729E100295CEA5D0046526B /* ConfirmationCallOutcomeView.swift */,
				377D68F92959E2B100F26670 /* CallOutcomeView.swift */,
			);
			path = Appointment;
			sourceTree = "<group>";
		};
		37930F682984866800A5179A /* Text */ = {
			isa = PBXGroup;
			children = (
				37930F662984862400A5179A /* Title.swift */,
				37930F6E298489AA00A5179A /* Title2.swift */,
				37888F2F29830097004FFA09 /* Title3.swift */,
				37E5FE83298530B6009E535F /* Heading1.swift */,
			);
			path = Text;
			sourceTree = "<group>";
		};
		37930F6B2984886D00A5179A /* Concept */ = {
			isa = PBXGroup;
			children = (
				373AEBB6296343F3003B7FB6 /* ConceptDetailView.swift */,
				3789F1BE29609F7500E15ACD /* ConceptsView.swift */,
				373AEBB829634754003B7FB6 /* AddProposalView.swift */,
			);
			path = Concept;
			sourceTree = "<group>";
		};
		37A245372976AFD4001523EF /* Core */ = {
			isa = PBXGroup;
			children = (
				377D68D42959C49600F26670 /* FyeryApp.swift */,
				377D68F22959D9F800F26670 /* Model */,
				37888F212982EBAA004FFA09 /* Views */,
				37888F2C2982F812004FFA09 /* Extensions */,
				37888F262982F094004FFA09 /* Constants */,
			);
			path = Core;
			sourceTree = "<group>";
		};
/* End PBXGroup section */

/* Begin PBXNativeTarget section */
		377D68D02959C49600F26670 /* Fyery */ = {
			isa = PBXNativeTarget;
			buildConfigurationList = 377D68DF2959C49700F26670 /* Build configuration list for PBXNativeTarget "Fyery" */;
			buildPhases = (
				377D68CD2959C49600F26670 /* Sources */,
				377D68CE2959C49600F26670 /* Frameworks */,
				377D68CF2959C49600F26670 /* Resources */,
			);
			buildRules = (
			);
			dependencies = (
			);
			name = Fyery;
			productName = FyeryPrototype;
			productReference = 377D68D12959C49600F26670 /* Fyery.app */;
			productType = "com.apple.product-type.application";
		};
/* End PBXNativeTarget section */

/* Begin PBXProject section */
		377D68C92959C49600F26670 /* Project object */ = {
			isa = PBXProject;
			attributes = {
				BuildIndependentTargetsInParallel = 1;
				LastSwiftUpdateCheck = 1420;
				LastUpgradeCheck = 1420;
				TargetAttributes = {
					377D68D02959C49600F26670 = {
						CreatedOnToolsVersion = 14.2;
					};
				};
			};
			buildConfigurationList = 377D68CC2959C49600F26670 /* Build configuration list for PBXProject "Fyery" */;
			compatibilityVersion = "Xcode 14.0";
			developmentRegion = en;
			hasScannedForEncodings = 0;
			knownRegions = (
				en,
				Base,
			);
			mainGroup = 377D68C82959C49600F26670;
			productRefGroup = 377D68D22959C49600F26670 /* Products */;
			projectDirPath = "";
			projectRoot = "";
			targets = (
				377D68D02959C49600F26670 /* Fyery */,
			);
		};
/* End PBXProject section */

/* Begin PBXResourcesBuildPhase section */
		377D68CF2959C49600F26670 /* Resources */ = {
			isa = PBXResourcesBuildPhase;
			buildActionMask = 2147483647;
			files = (
				37511EC229831B8D002E73EC /* Colors.xcassets in Resources */,
				377D68DC2959C49700F26670 /* Preview Assets.xcassets in Resources */,
				377D68D92959C49700F26670 /* Media.xcassets in Resources */,
			);
			runOnlyForDeploymentPostprocessing = 0;
		};
/* End PBXResourcesBuildPhase section */

/* Begin PBXSourcesBuildPhase section */
		377D68CD2959C49600F26670 /* Sources */ = {
			isa = PBXSourcesBuildPhase;
			buildActionMask = 2147483647;
			files = (
				377D69062959EF4200F26670 /* AppointmentsView.swift in Sources */,
				37888F0D2982BB78004FFA09 /* SalesPartnerListRowView.swift in Sources */,
				377D68E62959C53200F26670 /* ProspectsView.swift in Sources */,
				37888F2A2982F51F004FFA09 /* AddProspectHeaderView.swift in Sources */,
				377D68F42959DA0400F26670 /* Prospect.swift in Sources */,
				37930F7329848B9700A5179A /* CircularProgressBar.swift in Sources */,
				37930F6F298489AA00A5179A /* Title2.swift in Sources */,
				37888F282982F0AE004FFA09 /* Constants.swift in Sources */,
				37930F632984820400A5179A /* StandardCircle.swift in Sources */,
				3789F1CA2961A6C100E15ACD /* StandardEvents.swift in Sources */,
				37E5FE84298530B6009E535F /* Heading1.swift in Sources */,
				377D68FC2959E70F00F26670 /* Appointment.swift in Sources */,
				37AB7368295F3C8F00544554 /* DateExtension.swift in Sources */,
				37930F6A2984873300A5179A /* TextExtensions.swift in Sources */,
				37511ECA29831FFD002E73EC /* PrimaryHeader.swift in Sources */,
				377D68FA2959E2B100F26670 /* CallOutcomeView.swift in Sources */,
				37888F012982ADDC004FFA09 /* ContactType.swift in Sources */,
				37888F232982EBC9004FFA09 /* PrimaryTextField.swift in Sources */,
				37888F252982EF91004FFA09 /* CustomRoundedCorner.swift in Sources */,
				37888F0A2982B6F9004FFA09 /* SalesPartner.swift in Sources */,
				377D68E82959C53800F26670 /* ClientView.swift in Sources */,
				377D68EA2959C57300F26670 /* SalesPartnerView.swift in Sources */,
				37888F3029830097004FFA09 /* Title3.swift in Sources */,
				37AB73722960211F00544554 /* Proposal.swift in Sources */,
				37888EFF2982AD4E004FFA09 /* MaritalStatus.swift in Sources */,
				37930F652984828C00A5179A /* CircularImage.swift in Sources */,
				373AEBB7296343F3003B7FB6 /* ConceptDetailView.swift in Sources */,
				37888F132982BC68004FFA09 /* EventComparable.swift in Sources */,
				37511EC629831E36002E73EC /* ProspectListRowView.swift in Sources */,
				377D68D72959C49600F26670 /* ContentView.swift in Sources */,
				377D69042959EADF00F26670 /* PersonProtocol.swift in Sources */,
				37AB7364295F297900544554 /* ViewExtensions.swift in Sources */,
				37888F1B2982BDFF004FFA09 /* ContractDivision.swift in Sources */,
				37888F152982BCF6004FFA09 /* AppointmentType.swift in Sources */,
				37930F672984862400A5179A /* Title.swift in Sources */,
				37888F062982B496004FFA09 /* ProspectExtensionEquatable.swift in Sources */,
				37F8739B29638136006C7C7E /* ConceptClassificationView.swift in Sources */,
				377D68EC2959C57A00F26670 /* AccountView.swift in Sources */,
				3729E0FF295CE8710046526B /* SplitTextView.swift in Sources */,
				37888F2E2982F88F004FFA09 /* PrimarySection.swift in Sources */,
				377D68E42959C4D000F26670 /* DashboardView.swift in Sources */,
				377D68D52959C49600F26670 /* FyeryApp.swift in Sources */,
				377D68F82959E21200F26670 /* ProspectDetailView.swift in Sources */,
				378991592961B5320002735C /* AppointmentOutcomeView.swift in Sources */,
				37AB7366295F395000544554 /* PastAppointmentsView.swift in Sources */,
				377D68FE2959E88900F26670 /* Event.swift in Sources */,
				37888F172982BDD3004FFA09 /* Company.swift in Sources */,
				37930F752984911600A5179A /* AppointmentWidget.swift in Sources */,
				3729E103295CF0CF0046526B /* EventDetailView.swift in Sources */,
				37511ECC29832E9A002E73EC /* ProspectConvenienceVariables.swift in Sources */,
				37888F0F2982BC1C004FFA09 /* AddSalesPartnerView.swift in Sources */,
				3729E101295CEA5D0046526B /* ConfirmationCallOutcomeView.swift in Sources */,
				37D7E43C295A5BB500EBD9B9 /* AppointmentDetailView.swift in Sources */,
				3789F1BF29609F7500E15ACD /* ConceptsView.swift in Sources */,
				37F566452972EC87000A455B /* DashboardGreetingView.swift in Sources */,
				37888F192982BDEE004FFA09 /* ProposalType.swift in Sources */,
				370FB3D6295B05D100EBB76C /* UserTestData.swift in Sources */,
				37888F082982B4CA004FFA09 /* ProspectExtensionHashable.swift in Sources */,
				37930F6D298488A000A5179A /* WidgetContainer.swift in Sources */,
				37888F032982AEA5004FFA09 /* PersonType.swift in Sources */,
				37F566472972EFAB000A455B /* ColorExtension.swift in Sources */,
				37A2453D2976D3D1001523EF /* AddProspectView.swift in Sources */,
				37AB736C295F6E1800544554 /* BlankInitializerExtensions.swift in Sources */,
				37A245392976AFF7001523EF /* ViewExtension.swift in Sources */,
				37930F7129848AF900A5179A /* UnitWidget.swift in Sources */,
				37AB73742960216E00544554 /* Concept.swift in Sources */,
				37888F112982BC51004FFA09 /* EventType.swift in Sources */,
				373AEBB929634754003B7FB6 /* AddProposalView.swift in Sources */,
			);
			runOnlyForDeploymentPostprocessing = 0;
		};
/* End PBXSourcesBuildPhase section */

/* Begin XCBuildConfiguration section */
		377D68DD2959C49700F26670 /* Debug */ = {
			isa = XCBuildConfiguration;
			buildSettings = {
				ALWAYS_SEARCH_USER_PATHS = NO;
				CLANG_ANALYZER_NONNULL = YES;
				CLANG_ANALYZER_NUMBER_OBJECT_CONVERSION = YES_AGGRESSIVE;
				CLANG_CXX_LANGUAGE_STANDARD = "gnu++20";
				CLANG_ENABLE_MODULES = YES;
				CLANG_ENABLE_OBJC_ARC = YES;
				CLANG_ENABLE_OBJC_WEAK = YES;
				CLANG_WARN_BLOCK_CAPTURE_AUTORELEASING = YES;
				CLANG_WARN_BOOL_CONVERSION = YES;
				CLANG_WARN_COMMA = YES;
				CLANG_WARN_CONSTANT_CONVERSION = YES;
				CLANG_WARN_DEPRECATED_OBJC_IMPLEMENTATIONS = YES;
				CLANG_WARN_DIRECT_OBJC_ISA_USAGE = YES_ERROR;
				CLANG_WARN_DOCUMENTATION_COMMENTS = YES;
				CLANG_WARN_EMPTY_BODY = YES;
				CLANG_WARN_ENUM_CONVERSION = YES;
				CLANG_WARN_INFINITE_RECURSION = YES;
				CLANG_WARN_INT_CONVERSION = YES;
				CLANG_WARN_NON_LITERAL_NULL_CONVERSION = YES;
				CLANG_WARN_OBJC_IMPLICIT_RETAIN_SELF = YES;
				CLANG_WARN_OBJC_LITERAL_CONVERSION = YES;
				CLANG_WARN_OBJC_ROOT_CLASS = YES_ERROR;
				CLANG_WARN_QUOTED_INCLUDE_IN_FRAMEWORK_HEADER = YES;
				CLANG_WARN_RANGE_LOOP_ANALYSIS = YES;
				CLANG_WARN_STRICT_PROTOTYPES = YES;
				CLANG_WARN_SUSPICIOUS_MOVE = YES;
				CLANG_WARN_UNGUARDED_AVAILABILITY = YES_AGGRESSIVE;
				CLANG_WARN_UNREACHABLE_CODE = YES;
				CLANG_WARN__DUPLICATE_METHOD_MATCH = YES;
				COPY_PHASE_STRIP = NO;
				DEBUG_INFORMATION_FORMAT = dwarf;
				ENABLE_STRICT_OBJC_MSGSEND = YES;
				ENABLE_TESTABILITY = YES;
				GCC_C_LANGUAGE_STANDARD = gnu11;
				GCC_DYNAMIC_NO_PIC = NO;
				GCC_NO_COMMON_BLOCKS = YES;
				GCC_OPTIMIZATION_LEVEL = 0;
				GCC_PREPROCESSOR_DEFINITIONS = (
					"DEBUG=1",
					"$(inherited)",
				);
				GCC_WARN_64_TO_32_BIT_CONVERSION = YES;
				GCC_WARN_ABOUT_RETURN_TYPE = YES_ERROR;
				GCC_WARN_UNDECLARED_SELECTOR = YES;
				GCC_WARN_UNINITIALIZED_AUTOS = YES_AGGRESSIVE;
				GCC_WARN_UNUSED_FUNCTION = YES;
				GCC_WARN_UNUSED_VARIABLE = YES;
				IPHONEOS_DEPLOYMENT_TARGET = 16.2;
				MTL_ENABLE_DEBUG_INFO = INCLUDE_SOURCE;
				MTL_FAST_MATH = YES;
				ONLY_ACTIVE_ARCH = YES;
				SDKROOT = iphoneos;
				SWIFT_ACTIVE_COMPILATION_CONDITIONS = DEBUG;
				SWIFT_OPTIMIZATION_LEVEL = "-Onone";
			};
			name = Debug;
		};
		377D68DE2959C49700F26670 /* Release */ = {
			isa = XCBuildConfiguration;
			buildSettings = {
				ALWAYS_SEARCH_USER_PATHS = NO;
				CLANG_ANALYZER_NONNULL = YES;
				CLANG_ANALYZER_NUMBER_OBJECT_CONVERSION = YES_AGGRESSIVE;
				CLANG_CXX_LANGUAGE_STANDARD = "gnu++20";
				CLANG_ENABLE_MODULES = YES;
				CLANG_ENABLE_OBJC_ARC = YES;
				CLANG_ENABLE_OBJC_WEAK = YES;
				CLANG_WARN_BLOCK_CAPTURE_AUTORELEASING = YES;
				CLANG_WARN_BOOL_CONVERSION = YES;
				CLANG_WARN_COMMA = YES;
				CLANG_WARN_CONSTANT_CONVERSION = YES;
				CLANG_WARN_DEPRECATED_OBJC_IMPLEMENTATIONS = YES;
				CLANG_WARN_DIRECT_OBJC_ISA_USAGE = YES_ERROR;
				CLANG_WARN_DOCUMENTATION_COMMENTS = YES;
				CLANG_WARN_EMPTY_BODY = YES;
				CLANG_WARN_ENUM_CONVERSION = YES;
				CLANG_WARN_INFINITE_RECURSION = YES;
				CLANG_WARN_INT_CONVERSION = YES;
				CLANG_WARN_NON_LITERAL_NULL_CONVERSION = YES;
				CLANG_WARN_OBJC_IMPLICIT_RETAIN_SELF = YES;
				CLANG_WARN_OBJC_LITERAL_CONVERSION = YES;
				CLANG_WARN_OBJC_ROOT_CLASS = YES_ERROR;
				CLANG_WARN_QUOTED_INCLUDE_IN_FRAMEWORK_HEADER = YES;
				CLANG_WARN_RANGE_LOOP_ANALYSIS = YES;
				CLANG_WARN_STRICT_PROTOTYPES = YES;
				CLANG_WARN_SUSPICIOUS_MOVE = YES;
				CLANG_WARN_UNGUARDED_AVAILABILITY = YES_AGGRESSIVE;
				CLANG_WARN_UNREACHABLE_CODE = YES;
				CLANG_WARN__DUPLICATE_METHOD_MATCH = YES;
				COPY_PHASE_STRIP = NO;
				DEBUG_INFORMATION_FORMAT = "dwarf-with-dsym";
				ENABLE_NS_ASSERTIONS = NO;
				ENABLE_STRICT_OBJC_MSGSEND = YES;
				GCC_C_LANGUAGE_STANDARD = gnu11;
				GCC_NO_COMMON_BLOCKS = YES;
				GCC_WARN_64_TO_32_BIT_CONVERSION = YES;
				GCC_WARN_ABOUT_RETURN_TYPE = YES_ERROR;
				GCC_WARN_UNDECLARED_SELECTOR = YES;
				GCC_WARN_UNINITIALIZED_AUTOS = YES_AGGRESSIVE;
				GCC_WARN_UNUSED_FUNCTION = YES;
				GCC_WARN_UNUSED_VARIABLE = YES;
				IPHONEOS_DEPLOYMENT_TARGET = 16.2;
				MTL_ENABLE_DEBUG_INFO = NO;
				MTL_FAST_MATH = YES;
				SDKROOT = iphoneos;
				SWIFT_COMPILATION_MODE = wholemodule;
				SWIFT_OPTIMIZATION_LEVEL = "-O";
				VALIDATE_PRODUCT = YES;
			};
			name = Release;
		};
		377D68E02959C49700F26670 /* Debug */ = {
			isa = XCBuildConfiguration;
			buildSettings = {
				ASSETCATALOG_COMPILER_APPICON_NAME = AppIcon;
				ASSETCATALOG_COMPILER_GLOBAL_ACCENT_COLOR_NAME = AccentColor;
				CODE_SIGN_STYLE = Automatic;
				CURRENT_PROJECT_VERSION = 1;
				DEVELOPMENT_ASSET_PATHS = "\"Fyery/Preview Content\"";
				DEVELOPMENT_TEAM = Q9KFEVE553;
				ENABLE_PREVIEWS = YES;
				GENERATE_INFOPLIST_FILE = YES;
				INFOPLIST_FILE = Fyery/Info.plist;
				INFOPLIST_KEY_CFBundleDisplayName = Fyery;
				INFOPLIST_KEY_UIApplicationSupportsIndirectInputEvents = YES;
				INFOPLIST_KEY_UILaunchScreen_Generation = YES;
				INFOPLIST_KEY_UISupportedInterfaceOrientations = UIInterfaceOrientationPortrait;
				INFOPLIST_KEY_UISupportedInterfaceOrientations_iPad = "UIInterfaceOrientationLandscapeLeft UIInterfaceOrientationLandscapeRight UIInterfaceOrientationPortrait UIInterfaceOrientationPortraitUpsideDown";
				LD_RUNPATH_SEARCH_PATHS = (
					"$(inherited)",
					"@executable_path/Frameworks",
				);
				MARKETING_VERSION = 0.1;
				PRODUCT_BUNDLE_IDENTIFIER = com.lancz.Fyery;
				PRODUCT_NAME = "$(TARGET_NAME)";
				SWIFT_EMIT_LOC_STRINGS = YES;
				SWIFT_VERSION = 5.0;
				TARGETED_DEVICE_FAMILY = "1,2";
			};
			name = Debug;
		};
		377D68E12959C49700F26670 /* Release */ = {
			isa = XCBuildConfiguration;
			buildSettings = {
				ASSETCATALOG_COMPILER_APPICON_NAME = AppIcon;
				ASSETCATALOG_COMPILER_GLOBAL_ACCENT_COLOR_NAME = AccentColor;
				CODE_SIGN_STYLE = Automatic;
				CURRENT_PROJECT_VERSION = 1;
				DEVELOPMENT_ASSET_PATHS = "\"Fyery/Preview Content\"";
				DEVELOPMENT_TEAM = Q9KFEVE553;
				ENABLE_PREVIEWS = YES;
				GENERATE_INFOPLIST_FILE = YES;
				INFOPLIST_FILE = Fyery/Info.plist;
				INFOPLIST_KEY_CFBundleDisplayName = Fyery;
				INFOPLIST_KEY_UIApplicationSupportsIndirectInputEvents = YES;
				INFOPLIST_KEY_UILaunchScreen_Generation = YES;
				INFOPLIST_KEY_UISupportedInterfaceOrientations = UIInterfaceOrientationPortrait;
				INFOPLIST_KEY_UISupportedInterfaceOrientations_iPad = "UIInterfaceOrientationLandscapeLeft UIInterfaceOrientationLandscapeRight UIInterfaceOrientationPortrait UIInterfaceOrientationPortraitUpsideDown";
				LD_RUNPATH_SEARCH_PATHS = (
					"$(inherited)",
					"@executable_path/Frameworks",
				);
				MARKETING_VERSION = 0.1;
				PRODUCT_BUNDLE_IDENTIFIER = com.lancz.Fyery;
				PRODUCT_NAME = "$(TARGET_NAME)";
				SWIFT_EMIT_LOC_STRINGS = YES;
				SWIFT_VERSION = 5.0;
				TARGETED_DEVICE_FAMILY = "1,2";
			};
			name = Release;
		};
/* End XCBuildConfiguration section */

/* Begin XCConfigurationList section */
		377D68CC2959C49600F26670 /* Build configuration list for PBXProject "Fyery" */ = {
			isa = XCConfigurationList;
			buildConfigurations = (
				377D68DD2959C49700F26670 /* Debug */,
				377D68DE2959C49700F26670 /* Release */,
			);
			defaultConfigurationIsVisible = 0;
			defaultConfigurationName = Release;
		};
		377D68DF2959C49700F26670 /* Build configuration list for PBXNativeTarget "Fyery" */ = {
			isa = XCConfigurationList;
			buildConfigurations = (
				377D68E02959C49700F26670 /* Debug */,
				377D68E12959C49700F26670 /* Release */,
			);
			defaultConfigurationIsVisible = 0;
			defaultConfigurationName = Release;
		};
/* End XCConfigurationList section */
	};
	rootObject = 377D68C92959C49600F26670 /* Project object */;
}
